
Microsoft Visual Studio Solution File, Format Version 12.00
# Visual Studio Version 16
VisualStudioVersion = 16.0.30204.135
MinimumVisualStudioVersion = 10.0.40219.1
Project("{9A19103F-16F7-4668-BE54-9A1E7A4F7556}") = "TradingPlatform", "TradingPlatform\TradingPlatform.csproj", "{67FE0B09-E586-409E-8D50-C9EB1A2DEA15}"
EndProject
Project("{9A19103F-16F7-4668-BE54-9A1E7A4F7556}") = "TradingPlatform.Common", "TradingPlatform.Common\TradingPlatform.Common.csproj", "{62729B96-5CDA-4CF5-B15C-6E5A13F877D2}"
EndProject
Global
	GlobalSection(SolutionConfigurationPlatforms) = preSolution
		Debug|Any CPU = Debug|Any CPU
		Release|Any CPU = Release|Any CPU
	EndGlobalSection
	GlobalSection(ProjectConfigurationPlatforms) = postSolution
		{67FE0B09-E586-409E-8D50-C9EB1A2DEA15}.Debug|Any CPU.ActiveCfg = Debug|Any CPU
		{67FE0B09-E586-409E-8D50-C9EB1A2DEA15}.Debug|Any CPU.Build.0 = Debug|Any CPU
		{67FE0B09-E586-409E-8D50-C9EB1A2DEA15}.Release|Any CPU.ActiveCfg = Release|Any CPU
		{67FE0B09-E586-409E-8D50-C9EB1A2DEA15}.Release|Any CPU.Build.0 = Release|Any CPU
		{62729B96-5CDA-4CF5-B15C-6E5A13F877D2}.Debug|Any CPU.ActiveCfg = Debug|Any CPU
		{62729B96-5CDA-4CF5-B15C-6E5A13F877D2}.Debug|Any CPU.Build.0 = Debug|Any CPU
		{62729B96-5CDA-4CF5-B15C-6E5A13F877D2}.Release|Any CPU.ActiveCfg = Release|Any CPU
		{62729B96-5CDA-4CF5-B15C-6E5A13F877D2}.Release|Any CPU.Build.0 = Release|Any CPU
	EndGlobalSection
	GlobalSection(SolutionProperties) = preSolution
		HideSolutionNode = FALSE
	EndGlobalSection
	GlobalSection(ExtensibilityGlobals) = postSolution
		SolutionGuid = {2B13F437-4B49-41BD-B150-8B49E5599C00}
	EndGlobalSection
EndGlobal
